
Microsoft Visual Studio Solution File, Format Version 12.00
# Visual Studio Version 16
VisualStudioVersion = 16.0.32630.194
MinimumVisualStudioVersion = 10.0.40219.1
Project("{FAE04EC0-301F-11D3-BF4B-00C04F79EFBC}") = "Uri-2557", "Uri-2557\Uri-2557.csproj", "{D4C7365A-540F-4622-A4E1-ED79235331DC}"
EndProject
Global
	GlobalSection(SolutionConfigurationPlatforms) = preSolution
		Debug|Any CPU = Debug|Any CPU
		Release|Any CPU = Release|Any CPU
	EndGlobalSection
	GlobalSection(ProjectConfigurationPlatforms) = postSolution
		{D4C7365A-540F-4622-A4E1-ED79235331DC}.Debug|Any CPU.ActiveCfg = Debug|Any CPU
		{D4C7365A-540F-4622-A4E1-ED79235331DC}.Debug|Any CPU.Build.0 = Debug|Any CPU
		{D4C7365A-540F-4622-A4E1-ED79235331DC}.Release|Any CPU.ActiveCfg = Release|Any CPU
		{D4C7365A-540F-4622-A4E1-ED79235331DC}.Release|Any CPU.Build.0 = Release|Any CPU
	EndGlobalSection
	GlobalSection(SolutionProperties) = preSolution
		HideSolutionNode = FALSE
	EndGlobalSection
	GlobalSection(ExtensibilityGlobals) = postSolution
		SolutionGuid = {B850CCC7-7478-4D7C-94B2-A19C677CA097}
	EndGlobalSection
EndGlobal
